// !$*UTF8*$!
{
	archiveVersion = 1;
	classes = {
	};
	objectVersion = 46;
	objects = {

/* Begin PBXBuildFile section */
		179679D9FB16B1EC0A4EFF1F /* libPods-LJCollectionViewMove.a in Frameworks */ = {isa = PBXBuildFile; fileRef = CEACE2B1506FF4E34D2CB6F6 /* libPods-LJCollectionViewMove.a */; };
		83A22D981D7FECC000FE1E4A /* LJCollectionViewMovedFlowLayout.m in Sources */ = {isa = PBXBuildFile; fileRef = 83A22D931D7FECC000FE1E4A /* LJCollectionViewMovedFlowLayout.m */; };
		83A22D991D7FECC000FE1E4A /* LJPictureCell.m in Sources */ = {isa = PBXBuildFile; fileRef = 83A22D951D7FECC000FE1E4A /* LJPictureCell.m */; };
		83A22D9A1D7FECC000FE1E4A /* LJPictureView.m in Sources */ = {isa = PBXBuildFile; fileRef = 83A22D971D7FECC000FE1E4A /* LJPictureView.m */; };
		83B4D4FF1D81548E00F970E1 /* SDBrowserImageView.m in Sources */ = {isa = PBXBuildFile; fileRef = 83B4D4F91D81548E00F970E1 /* SDBrowserImageView.m */; };
		83B4D5001D81548E00F970E1 /* SDPhotoBrowser.m in Sources */ = {isa = PBXBuildFile; fileRef = 83B4D4FB1D81548E00F970E1 /* SDPhotoBrowser.m */; };
		83B4D5011D81548E00F970E1 /* SDWaitingView.m in Sources */ = {isa = PBXBuildFile; fileRef = 83B4D4FE1D81548E00F970E1 /* SDWaitingView.m */; };
		83BC12A71D7EAF4A0084F8AA /* LJTestController.m in Sources */ = {isa = PBXBuildFile; fileRef = 83BC12A61D7EAF4A0084F8AA /* LJTestController.m */; };
		83F7AADF1D7D7385005D007D /* main.m in Sources */ = {isa = PBXBuildFile; fileRef = 83F7AADE1D7D7385005D007D /* main.m */; };
		83F7AAE21D7D7385005D007D /* AppDelegate.m in Sources */ = {isa = PBXBuildFile; fileRef = 83F7AAE11D7D7385005D007D /* AppDelegate.m */; };
		83F7AAE81D7D7385005D007D /* Main.storyboard in Resources */ = {isa = PBXBuildFile; fileRef = 83F7AAE61D7D7385005D007D /* Main.storyboard */; };
		83F7AAEA1D7D7385005D007D /* Assets.xcassets in Resources */ = {isa = PBXBuildFile; fileRef = 83F7AAE91D7D7385005D007D /* Assets.xcassets */; };
		83F7AAED1D7D7385005D007D /* LaunchScreen.storyboard in Resources */ = {isa = PBXBuildFile; fileRef = 83F7AAEB1D7D7385005D007D /* LaunchScreen.storyboard */; };
/* End PBXBuildFile section */

/* Begin PBXFileReference section */
		83A22D921D7FECC000FE1E4A /* LJCollectionViewMovedFlowLayout.h */ = {isa = PBXFileReference; fileEncoding = 4; lastKnownFileType = sourcecode.c.h; path = LJCollectionViewMovedFlowLayout.h; sourceTree = "<group>"; };
		83A22D931D7FECC000FE1E4A /* LJCollectionViewMovedFlowLayout.m */ = {isa = PBXFileReference; fileEncoding = 4; lastKnownFileType = sourcecode.c.objc; path = LJCollectionViewMovedFlowLayout.m; sourceTree = "<group>"; };
		83A22D941D7FECC000FE1E4A /* LJPictureCell.h */ = {isa = PBXFileReference; fileEncoding = 4; lastKnownFileType = sourcecode.c.h; path = LJPictureCell.h; sourceTree = "<group>"; };
		83A22D951D7FECC000FE1E4A /* LJPictureCell.m */ = {isa = PBXFileReference; fileEncoding = 4; lastKnownFileType = sourcecode.c.objc; path = LJPictureCell.m; sourceTree = "<group>"; };
		83A22D961D7FECC000FE1E4A /* LJPictureView.h */ = {isa = PBXFileReference; fileEncoding = 4; lastKnownFileType = sourcecode.c.h; path = LJPictureView.h; sourceTree = "<group>"; };
		83A22D971D7FECC000FE1E4A /* LJPictureView.m */ = {isa = PBXFileReference; fileEncoding = 4; lastKnownFileType = sourcecode.c.objc; path = LJPictureView.m; sourceTree = "<group>"; };
		83B4D4F81D81548E00F970E1 /* SDBrowserImageView.h */ = {isa = PBXFileReference; fileEncoding = 4; lastKnownFileType = sourcecode.c.h; path = SDBrowserImageView.h; sourceTree = "<group>"; };
		83B4D4F91D81548E00F970E1 /* SDBrowserImageView.m */ = {isa = PBXFileReference; fileEncoding = 4; lastKnownFileType = sourcecode.c.objc; path = SDBrowserImageView.m; sourceTree = "<group>"; };
		83B4D4FA1D81548E00F970E1 /* SDPhotoBrowser.h */ = {isa = PBXFileReference; fileEncoding = 4; lastKnownFileType = sourcecode.c.h; path = SDPhotoBrowser.h; sourceTree = "<group>"; };
		83B4D4FB1D81548E00F970E1 /* SDPhotoBrowser.m */ = {isa = PBXFileReference; fileEncoding = 4; lastKnownFileType = sourcecode.c.objc; path = SDPhotoBrowser.m; sourceTree = "<group>"; };
		83B4D4FC1D81548E00F970E1 /* SDPhotoBrowserConfig.h */ = {isa = PBXFileReference; fileEncoding = 4; lastKnownFileType = sourcecode.c.h; path = SDPhotoBrowserConfig.h; sourceTree = "<group>"; };
		83B4D4FD1D81548E00F970E1 /* SDWaitingView.h */ = {isa = PBXFileReference; fileEncoding = 4; lastKnownFileType = sourcecode.c.h; path = SDWaitingView.h; sourceTree = "<group>"; };
		83B4D4FE1D81548E00F970E1 /* SDWaitingView.m */ = {isa = PBXFileReference; fileEncoding = 4; lastKnownFileType = sourcecode.c.objc; path = SDWaitingView.m; sourceTree = "<group>"; };
		83BC12A51D7EAF4A0084F8AA /* LJTestController.h */ = {isa = PBXFileReference; fileEncoding = 4; lastKnownFileType = sourcecode.c.h; path = LJTestController.h; sourceTree = "<group>"; };
		83BC12A61D7EAF4A0084F8AA /* LJTestController.m */ = {isa = PBXFileReference; fileEncoding = 4; lastKnownFileType = sourcecode.c.objc; path = LJTestController.m; sourceTree = "<group>"; };
		83F7AADA1D7D7385005D007D /* LJCollectionViewMove.app */ = {isa = PBXFileReference; explicitFileType = wrapper.application; includeInIndex = 0; path = LJCollectionViewMove.app; sourceTree = BUILT_PRODUCTS_DIR; };
		83F7AADE1D7D7385005D007D /* main.m */ = {isa = PBXFileReference; lastKnownFileType = sourcecode.c.objc; path = main.m; sourceTree = "<group>"; };
		83F7AAE01D7D7385005D007D /* AppDelegate.h */ = {isa = PBXFileReference; lastKnownFileType = sourcecode.c.h; path = AppDelegate.h; sourceTree = "<group>"; };
		83F7AAE11D7D7385005D007D /* AppDelegate.m */ = {isa = PBXFileReference; lastKnownFileType = sourcecode.c.objc; path = AppDelegate.m; sourceTree = "<group>"; };
		83F7AAE71D7D7385005D007D /* Base */ = {isa = PBXFileReference; lastKnownFileType = file.storyboard; name = Base; path = Base.lproj/Main.storyboard; sourceTree = "<group>"; };
		83F7AAE91D7D7385005D007D /* Assets.xcassets */ = {isa = PBXFileReference; lastKnownFileType = folder.assetcatalog; path = Assets.xcassets; sourceTree = "<group>"; };
		83F7AAEC1D7D7385005D007D /* Base */ = {isa = PBXFileReference; lastKnownFileType = file.storyboard; name = Base; path = Base.lproj/LaunchScreen.storyboard; sourceTree = "<group>"; };
		83F7AAEE1D7D7385005D007D /* Info.plist */ = {isa = PBXFileReference; lastKnownFileType = text.plist.xml; path = Info.plist; sourceTree = "<group>"; };
		9ACA5ADB4905F4DD0ACAD329 /* Pods-LJCollectionViewMove.debug.xcconfig */ = {isa = PBXFileReference; includeInIndex = 1; lastKnownFileType = text.xcconfig; name = "Pods-LJCollectionViewMove.debug.xcconfig"; path = "Pods/Target Support Files/Pods-LJCollectionViewMove/Pods-LJCollectionViewMove.debug.xcconfig"; sourceTree = "<group>"; };
		CEACE2B1506FF4E34D2CB6F6 /* libPods-LJCollectionViewMove.a */ = {isa = PBXFileReference; explicitFileType = archive.ar; includeInIndex = 0; path = "libPods-LJCollectionViewMove.a"; sourceTree = BUILT_PRODUCTS_DIR; };
		F5095BB6D88A250F2C9033D1 /* Pods-LJCollectionViewMove.release.xcconfig */ = {isa = PBXFileReference; includeInIndex = 1; lastKnownFileType = text.xcconfig; name = "Pods-LJCollectionViewMove.release.xcconfig"; path = "Pods/Target Support Files/Pods-LJCollectionViewMove/Pods-LJCollectionViewMove.release.xcconfig"; sourceTree = "<group>"; };
/* End PBXFileReference section */

/* Begin PBXFrameworksBuildPhase section */
		83F7AAD71D7D7385005D007D /* Frameworks */ = {
			isa = PBXFrameworksBuildPhase;
			buildActionMask = 2147483647;
			files = (
				179679D9FB16B1EC0A4EFF1F /* libPods-LJCollectionViewMove.a in Frameworks */,
			);
			runOnlyForDeploymentPostprocessing = 0;
		};
/* End PBXFrameworksBuildPhase section */

/* Begin PBXGroup section */
		4E2D57816BCB9F1C54C4B035 /* Pods */ = {
			isa = PBXGroup;
			children = (
				9ACA5ADB4905F4DD0ACAD329 /* Pods-LJCollectionViewMove.debug.xcconfig */,
				F5095BB6D88A250F2C9033D1 /* Pods-LJCollectionViewMove.release.xcconfig */,
			);
			name = Pods;
			sourceTree = "<group>";
		};
		83A22D911D7FECC000FE1E4A /* LJPictureView */ = {
			isa = PBXGroup;
			children = (
				83A22D921D7FECC000FE1E4A /* LJCollectionViewMovedFlowLayout.h */,
				83A22D931D7FECC000FE1E4A /* LJCollectionViewMovedFlowLayout.m */,
				83A22D941D7FECC000FE1E4A /* LJPictureCell.h */,
				83A22D951D7FECC000FE1E4A /* LJPictureCell.m */,
				83A22D961D7FECC000FE1E4A /* LJPictureView.h */,
				83A22D971D7FECC000FE1E4A /* LJPictureView.m */,
			);
			path = LJPictureView;
			sourceTree = "<group>";
		};
		83B4D4F71D81548E00F970E1 /* SDPhotoBrowser */ = {
			isa = PBXGroup;
			children = (
				83B4D4F81D81548E00F970E1 /* SDBrowserImageView.h */,
				83B4D4F91D81548E00F970E1 /* SDBrowserImageView.m */,
				83B4D4FA1D81548E00F970E1 /* SDPhotoBrowser.h */,
				83B4D4FB1D81548E00F970E1 /* SDPhotoBrowser.m */,
				83B4D4FC1D81548E00F970E1 /* SDPhotoBrowserConfig.h */,
				83B4D4FD1D81548E00F970E1 /* SDWaitingView.h */,
				83B4D4FE1D81548E00F970E1 /* SDWaitingView.m */,
			);
			path = SDPhotoBrowser;
			sourceTree = "<group>";
		};
		83F7AAD11D7D7385005D007D = {
			isa = PBXGroup;
			children = (
				83F7AADC1D7D7385005D007D /* LJCollectionViewMove */,
				83F7AADB1D7D7385005D007D /* Products */,
				4E2D57816BCB9F1C54C4B035 /* Pods */,
				EC8F8BA6368E9967358E0D8D /* Frameworks */,
			);
			sourceTree = "<group>";
		};
		83F7AADB1D7D7385005D007D /* Products */ = {
			isa = PBXGroup;
			children = (
				83F7AADA1D7D7385005D007D /* LJCollectionViewMove.app */,
			);
			name = Products;
			sourceTree = "<group>";
		};
		83F7AADC1D7D7385005D007D /* LJCollectionViewMove */ = {
			isa = PBXGroup;
			children = (
				83B4D4F71D81548E00F970E1 /* SDPhotoBrowser */,
				83A22D911D7FECC000FE1E4A /* LJPictureView */,
				83F7AAE01D7D7385005D007D /* AppDelegate.h */,
				83F7AAE11D7D7385005D007D /* AppDelegate.m */,
				83BC12A51D7EAF4A0084F8AA /* LJTestController.h */,
				83BC12A61D7EAF4A0084F8AA /* LJTestController.m */,
				83F7AAE61D7D7385005D007D /* Main.storyboard */,
				83F7AAE91D7D7385005D007D /* Assets.xcassets */,
				83F7AAEB1D7D7385005D007D /* LaunchScreen.storyboard */,
				83F7AAEE1D7D7385005D007D /* Info.plist */,
				83F7AADD1D7D7385005D007D /* Supporting Files */,
			);
			path = LJCollectionViewMove;
			sourceTree = "<group>";
		};
		83F7AADD1D7D7385005D007D /* Supporting Files */ = {
			isa = PBXGroup;
			children = (
				83F7AADE1D7D7385005D007D /* main.m */,
			);
			name = "Supporting Files";
			sourceTree = "<group>";
		};
		EC8F8BA6368E9967358E0D8D /* Frameworks */ = {
			isa = PBXGroup;
			children = (
				CEACE2B1506FF4E34D2CB6F6 /* libPods-LJCollectionViewMove.a */,
			);
			name = Frameworks;
			sourceTree = "<group>";
		};
/* End PBXGroup section */

/* Begin PBXNativeTarget section */
		83F7AAD91D7D7385005D007D /* LJCollectionViewMove */ = {
			isa = PBXNativeTarget;
			buildConfigurationList = 83F7AAF11D7D7385005D007D /* Build configuration list for PBXNativeTarget "LJCollectionViewMove" */;
			buildPhases = (
				FBA211E2A908C8006D1F9E0C /* [CP] Check Pods Manifest.lock */,
				83F7AAD61D7D7385005D007D /* Sources */,
				83F7AAD71D7D7385005D007D /* Frameworks */,
				83F7AAD81D7D7385005D007D /* Resources */,
				DEBE1C4B61B0A04149556FC8 /* [CP] Embed Pods Frameworks */,
				3EBC141476E552F140DD366E /* [CP] Copy Pods Resources */,
			);
			buildRules = (
			);
			dependencies = (
			);
			name = LJCollectionViewMove;
			productName = LJCollectionViewMove;
			productReference = 83F7AADA1D7D7385005D007D /* LJCollectionViewMove.app */;
			productType = "com.apple.product-type.application";
		};
/* End PBXNativeTarget section */

/* Begin PBXProject section */
		83F7AAD21D7D7385005D007D /* Project object */ = {
			isa = PBXProject;
			attributes = {
				LastUpgradeCheck = 0910;
				ORGANIZATIONNAME = "不囧";
				TargetAttributes = {
					83F7AAD91D7D7385005D007D = {
						CreatedOnToolsVersion = 7.3.1;
						DevelopmentTeam = N5VR4US535;
					};
				};
			};
			buildConfigurationList = 83F7AAD51D7D7385005D007D /* Build configuration list for PBXProject "LJCollectionViewMove" */;
			compatibilityVersion = "Xcode 3.2";
			developmentRegion = English;
			hasScannedForEncodings = 0;
			knownRegions = (
				en,
				Base,
			);
			mainGroup = 83F7AAD11D7D7385005D007D;
			productRefGroup = 83F7AADB1D7D7385005D007D /* Products */;
			projectDirPath = "";
			projectRoot = "";
			targets = (
				83F7AAD91D7D7385005D007D /* LJCollectionViewMove */,
			);
		};
/* End PBXProject section */

/* Begin PBXResourcesBuildPhase section */
		83F7AAD81D7D7385005D007D /* Resources */ = {
			isa = PBXResourcesBuildPhase;
			buildActionMask = 2147483647;
			files = (
				83F7AAED1D7D7385005D007D /* LaunchScreen.storyboard in Resources */,
				83F7AAEA1D7D7385005D007D /* Assets.xcassets in Resources */,
				83F7AAE81D7D7385005D007D /* Main.storyboard in Resources */,
			);
			runOnlyForDeploymentPostprocessing = 0;
		};
/* End PBXResourcesBuildPhase section */

/* Begin PBXShellScriptBuildPhase section */
		3EBC141476E552F140DD366E /* [CP] Copy Pods Resources */ = {
			isa = PBXShellScriptBuildPhase;
			buildActionMask = 2147483647;
			files = (
			);
			inputPaths = (
			);
			name = "[CP] Copy Pods Resources";
			outputPaths = (
			);
			runOnlyForDeploymentPostprocessing = 0;
			shellPath = /bin/sh;
			shellScript = "\"${SRCROOT}/Pods/Target Support Files/Pods-LJCollectionViewMove/Pods-LJCollectionViewMove-resources.sh\"\n";
			showEnvVarsInLog = 0;
		};
		DEBE1C4B61B0A04149556FC8 /* [CP] Embed Pods Frameworks */ = {
			isa = PBXShellScriptBuildPhase;
			buildActionMask = 2147483647;
			files = (
			);
			inputPaths = (
			);
			name = "[CP] Embed Pods Frameworks";
			outputPaths = (
			);
			runOnlyForDeploymentPostprocessing = 0;
			shellPath = /bin/sh;
			shellScript = "\"${SRCROOT}/Pods/Target Support Files/Pods-LJCollectionViewMove/Pods-LJCollectionViewMove-frameworks.sh\"\n";
			showEnvVarsInLog = 0;
		};
		FBA211E2A908C8006D1F9E0C /* [CP] Check Pods Manifest.lock */ = {
			isa = PBXShellScriptBuildPhase;
			buildActionMask = 2147483647;
			files = (
			);
			inputPaths = (
				"${PODS_PODFILE_DIR_PATH}/Podfile.lock",
				"${PODS_ROOT}/Manifest.lock",
			);
			name = "[CP] Check Pods Manifest.lock";
			outputPaths = (
				"$(DERIVED_FILE_DIR)/Pods-LJCollectionViewMove-checkManifestLockResult.txt",
			);
			runOnlyForDeploymentPostprocessing = 0;
			shellPath = /bin/sh;
			shellScript = "diff \"${PODS_PODFILE_DIR_PATH}/Podfile.lock\" \"${PODS_ROOT}/Manifest.lock\" > /dev/null\nif [ $? != 0 ] ; then\n    # print error to STDERR\n    echo \"error: The sandbox is not in sync with the Podfile.lock. Run 'pod install' or update your CocoaPods installation.\" >&2\n    exit 1\nfi\n# This output is used by Xcode 'outputs' to avoid re-running this script phase.\necho \"SUCCESS\" > \"${SCRIPT_OUTPUT_FILE_0}\"\n";
			showEnvVarsInLog = 0;
		};
/* End PBXShellScriptBuildPhase section */

/* Begin PBXSourcesBuildPhase section */
		83F7AAD61D7D7385005D007D /* Sources */ = {
			isa = PBXSourcesBuildPhase;
			buildActionMask = 2147483647;
			files = (
				83B4D5001D81548E00F970E1 /* SDPhotoBrowser.m in Sources */,
				83BC12A71D7EAF4A0084F8AA /* LJTestController.m in Sources */,
				83B4D5011D81548E00F970E1 /* SDWaitingView.m in Sources */,
				83F7AAE21D7D7385005D007D /* AppDelegate.m in Sources */,
				83A22D981D7FECC000FE1E4A /* LJCollectionViewMovedFlowLayout.m in Sources */,
				83A22D9A1D7FECC000FE1E4A /* LJPictureView.m in Sources */,
				83B4D4FF1D81548E00F970E1 /* SDBrowserImageView.m in Sources */,
				83F7AADF1D7D7385005D007D /* main.m in Sources */,
				83A22D991D7FECC000FE1E4A /* LJPictureCell.m in Sources */,
			);
			runOnlyForDeploymentPostprocessing = 0;
		};
/* End PBXSourcesBuildPhase section */

/* Begin PBXVariantGroup section */
		83F7AAE61D7D7385005D007D /* Main.storyboard */ = {
			isa = PBXVariantGroup;
			children = (
				83F7AAE71D7D7385005D007D /* Base */,
			);
			name = Main.storyboard;
			sourceTree = "<group>";
		};
		83F7AAEB1D7D7385005D007D /* LaunchScreen.storyboard */ = {
			isa = PBXVariantGroup;
			children = (
				83F7AAEC1D7D7385005D007D /* Base */,
			);
			name = LaunchScreen.storyboard;
			sourceTree = "<group>";
		};
/* End PBXVariantGroup section */

/* Begin XCBuildConfiguration section */
		83F7AAEF1D7D7385005D007D /* Debug */ = {
			isa = XCBuildConfiguration;
			buildSettings = {
				ALWAYS_SEARCH_USER_PATHS = NO;
				CLANG_ANALYZER_NONNULL = YES;
				CLANG_CXX_LANGUAGE_STANDARD = "gnu++0x";
				CLANG_CXX_LIBRARY = "libc++";
				CLANG_ENABLE_MODULES = YES;
				CLANG_ENABLE_OBJC_ARC = YES;
				CLANG_WARN_BLOCK_CAPTURE_AUTORELEASING = YES;
				CLANG_WARN_BOOL_CONVERSION = YES;
				CLANG_WARN_COMMA = YES;
				CLANG_WARN_CONSTANT_CONVERSION = YES;
				CLANG_WARN_DIRECT_OBJC_ISA_USAGE = YES_ERROR;
				CLANG_WARN_EMPTY_BODY = YES;
				CLANG_WARN_ENUM_CONVERSION = YES;
				CLANG_WARN_INFINITE_RECURSION = YES;
				CLANG_WARN_INT_CONVERSION = YES;
				CLANG_WARN_NON_LITERAL_NULL_CONVERSION = YES;
				CLANG_WARN_OBJC_LITERAL_CONVERSION = YES;
				CLANG_WARN_OBJC_ROOT_CLASS = YES_ERROR;
				CLANG_WARN_RANGE_LOOP_ANALYSIS = YES;
				CLANG_WARN_STRICT_PROTOTYPES = YES;
				CLANG_WARN_SUSPICIOUS_MOVE = YES;
				CLANG_WARN_UNREACHABLE_CODE = YES;
				CLANG_WARN__DUPLICATE_METHOD_MATCH = YES;
				"CODE_SIGN_IDENTITY[sdk=iphoneos*]" = "iPhone Developer";
				COPY_PHASE_STRIP = NO;
				DEBUG_INFORMATION_FORMAT = dwarf;
				ENABLE_STRICT_OBJC_MSGSEND = YES;
				ENABLE_TESTABILITY = YES;
				GCC_C_LANGUAGE_STANDARD = gnu99;
				GCC_DYNAMIC_NO_PIC = NO;
				GCC_NO_COMMON_BLOCKS = YES;
				GCC_OPTIMIZATION_LEVEL = 0;
				GCC_PREPROCESSOR_DEFINITIONS = (
					"DEBUG=1",
					"$(inherited)",
				);
				GCC_WARN_64_TO_32_BIT_CONVERSION = YES;
				GCC_WARN_ABOUT_RETURN_TYPE = YES_ERROR;
				GCC_WARN_UNDECLARED_SELECTOR = YES;
				GCC_WARN_UNINITIALIZED_AUTOS = YES_AGGRESSIVE;
				GCC_WARN_UNUSED_FUNCTION = YES;
				GCC_WARN_UNUSED_VARIABLE = YES;
				IPHONEOS_DEPLOYMENT_TARGET = 9.3;
				MTL_ENABLE_DEBUG_INFO = YES;
				ONLY_ACTIVE_ARCH = YES;
				SDKROOT = iphoneos;
			};
			name = Debug;
		};
		83F7AAF01D7D7385005D007D /* Release */ = {
			isa = XCBuildConfiguration;
			buildSettings = {
				ALWAYS_SEARCH_USER_PATHS = NO;
				CLANG_ANALYZER_NONNULL = YES;
				CLANG_CXX_LANGUAGE_STANDARD = "gnu++0x";
				CLANG_CXX_LIBRARY = "libc++";
				CLANG_ENABLE_MODULES = YES;
				CLANG_ENABLE_OBJC_ARC = YES;
				CLANG_WARN_BLOCK_CAPTURE_AUTORELEASING = YES;
				CLANG_WARN_BOOL_CONVERSION = YES;
				CLANG_WARN_COMMA = YES;
				CLANG_WARN_CONSTANT_CONVERSION = YES;
				CLANG_WARN_DIRECT_OBJC_ISA_USAGE = YES_ERROR;
				CLANG_WARN_EMPTY_BODY = YES;
				CLANG_WARN_ENUM_CONVERSION = YES;
				CLANG_WARN_INFINITE_RECURSION = YES;
				CLANG_WARN_INT_CONVERSION = YES;
				CLANG_WARN_NON_LITERAL_NULL_CONVERSION = YES;
				CLANG_WARN_OBJC_LITERAL_CONVERSION = YES;
				CLANG_WARN_OBJC_ROOT_CLASS = YES_ERROR;
				CLANG_WARN_RANGE_LOOP_ANALYSIS = YES;
				CLANG_WARN_STRICT_PROTOTYPES = YES;
				CLANG_WARN_SUSPICIOUS_MOVE = YES;
				CLANG_WARN_UNREACHABLE_CODE = YES;
				CLANG_WARN__DUPLICATE_METHOD_MATCH = YES;
				"CODE_SIGN_IDENTITY[sdk=iphoneos*]" = "iPhone Developer";
				COPY_PHASE_STRIP = NO;
				DEBUG_INFORMATION_FORMAT = "dwarf-with-dsym";
				ENABLE_NS_ASSERTIONS = NO;
				ENABLE_STRICT_OBJC_MSGSEND = YES;
				GCC_C_LANGUAGE_STANDARD = gnu99;
				GCC_NO_COMMON_BLOCKS = YES;
				GCC_WARN_64_TO_32_BIT_CONVERSION = YES;
				GCC_WARN_ABOUT_RETURN_TYPE = YES_ERROR;
				GCC_WARN_UNDECLARED_SELECTOR = YES;
				GCC_WARN_UNINITIALIZED_AUTOS = YES_AGGRESSIVE;
				GCC_WARN_UNUSED_FUNCTION = YES;
				GCC_WARN_UNUSED_VARIABLE = YES;
				IPHONEOS_DEPLOYMENT_TARGET = 9.3;
				MTL_ENABLE_DEBUG_INFO = NO;
				SDKROOT = iphoneos;
				VALIDATE_PRODUCT = YES;
			};
			name = Release;
		};
		83F7AAF21D7D7385005D007D /* Debug */ = {
			isa = XCBuildConfiguration;
			baseConfigurationReference = 9ACA5ADB4905F4DD0ACAD329 /* Pods-LJCollectionViewMove.debug.xcconfig */;
			buildSettings = {
				ASSETCATALOG_COMPILER_APPICON_NAME = AppIcon;
				DEVELOPMENT_TEAM = N5VR4US535;
				INFOPLIST_FILE = LJCollectionViewMove/Info.plist;
				IPHONEOS_DEPLOYMENT_TARGET = 8.0;
				LD_RUNPATH_SEARCH_PATHS = "$(inherited) @executable_path/Frameworks";
				PRODUCT_BUNDLE_IDENTIFIER = BJ.LJCollectionViewMove;
				PRODUCT_NAME = "$(TARGET_NAME)";
			};
			name = Debug;
		};
		83F7AAF31D7D7385005D007D /* Release */ = {
			isa = XCBuildConfiguration;
			baseConfigurationReference = F5095BB6D88A250F2C9033D1 /* Pods-LJCollectionViewMove.release.xcconfig */;
			buildSettings = {
				ASSETCATALOG_COMPILER_APPICON_NAME = AppIcon;
				DEVELOPMENT_TEAM = N5VR4US535;
				INFOPLIST_FILE = LJCollectionViewMove/Info.plist;
				IPHONEOS_DEPLOYMENT_TARGET = 8.0;
				LD_RUNPATH_SEARCH_PATHS = "$(inherited) @executable_path/Frameworks";
				PRODUCT_BUNDLE_IDENTIFIER = BJ.LJCollectionViewMove;
				PRODUCT_NAME = "$(TARGET_NAME)";
			};
			name = Release;
		};
/* End XCBuildConfiguration section */

/* Begin XCConfigurationList section */
		83F7AAD51D7D7385005D007D /* Build configuration list for PBXProject "LJCollectionViewMove" */ = {
			isa = XCConfigurationList;
			buildConfigurations = (
				83F7AAEF1D7D7385005D007D /* Debug */,
				83F7AAF01D7D7385005D007D /* Release */,
			);
			defaultConfigurationIsVisible = 0;
			defaultConfigurationName = Release;
		};
		83F7AAF11D7D7385005D007D /* Build configuration list for PBXNativeTarget "LJCollectionViewMove" */ = {
			isa = XCConfigurationList;
			buildConfigurations = (
				83F7AAF21D7D7385005D007D /* Debug */,
				83F7AAF31D7D7385005D007D /* Release */,
			);
			defaultConfigurationIsVisible = 0;
			defaultConfigurationName = Release;
		};
/* End XCConfigurationList section */
	};
	rootObject = 83F7AAD21D7D7385005D007D /* Project object */;
}
